
Microsoft Visual Studio Solution File, Format Version 12.00
# Visual Studio Version 16
VisualStudioVersion = 16.0.30907.101
MinimumVisualStudioVersion = 10.0.40219.1
Project("{FAE04EC0-301F-11D3-BF4B-00C04F79EFBC}") = "WorkoutHabits", "WorkoutHabits\WorkoutHabits.csproj", "{4A883FEC-6400-49B0-B3A9-094D57BDA6BD}"
EndProject
Project("{9A19103F-16F7-4668-BE54-9A1E7A4F7556}") = "WorkoutHabits.Core", "WorkoutHabits.Core\WorkoutHabits.Core.csproj", "{019F5CF3-4581-444D-8D92-E1B88E786462}"
EndProject
Global
	GlobalSection(SolutionConfigurationPlatforms) = preSolution
		Debug|Any CPU = Debug|Any CPU
		Debug|ARM = Debug|ARM
		Debug|ARM64 = Debug|ARM64
		Debug|x64 = Debug|x64
		Debug|x86 = Debug|x86
		Release|Any CPU = Release|Any CPU
		Release|ARM = Release|ARM
		Release|ARM64 = Release|ARM64
		Release|x64 = Release|x64
		Release|x86 = Release|x86
	EndGlobalSection
	GlobalSection(ProjectConfigurationPlatforms) = postSolution
		{4A883FEC-6400-49B0-B3A9-094D57BDA6BD}.Debug|Any CPU.ActiveCfg = Debug|x86
		{4A883FEC-6400-49B0-B3A9-094D57BDA6BD}.Debug|ARM.ActiveCfg = Debug|ARM
		{4A883FEC-6400-49B0-B3A9-094D57BDA6BD}.Debug|ARM.Build.0 = Debug|ARM
		{4A883FEC-6400-49B0-B3A9-094D57BDA6BD}.Debug|ARM.Deploy.0 = Debug|ARM
		{4A883FEC-6400-49B0-B3A9-094D57BDA6BD}.Debug|ARM64.ActiveCfg = Debug|ARM64
		{4A883FEC-6400-49B0-B3A9-094D57BDA6BD}.Debug|ARM64.Build.0 = Debug|ARM64
		{4A883FEC-6400-49B0-B3A9-094D57BDA6BD}.Debug|ARM64.Deploy.0 = Debug|ARM64
		{4A883FEC-6400-49B0-B3A9-094D57BDA6BD}.Debug|x64.ActiveCfg = Debug|x64
		{4A883FEC-6400-49B0-B3A9-094D57BDA6BD}.Debug|x64.Build.0 = Debug|x64
		{4A883FEC-6400-49B0-B3A9-094D57BDA6BD}.Debug|x64.Deploy.0 = Debug|x64
		{4A883FEC-6400-49B0-B3A9-094D57BDA6BD}.Debug|x86.ActiveCfg = Debug|x86
		{4A883FEC-6400-49B0-B3A9-094D57BDA6BD}.Debug|x86.Build.0 = Debug|x86
		{4A883FEC-6400-49B0-B3A9-094D57BDA6BD}.Debug|x86.Deploy.0 = Debug|x86
		{4A883FEC-6400-49B0-B3A9-094D57BDA6BD}.Release|Any CPU.ActiveCfg = Release|x86
		{4A883FEC-6400-49B0-B3A9-094D57BDA6BD}.Release|ARM.ActiveCfg = Release|ARM
		{4A883FEC-6400-49B0-B3A9-094D57BDA6BD}.Release|ARM.Build.0 = Release|ARM
		{4A883FEC-6400-49B0-B3A9-094D57BDA6BD}.Release|ARM.Deploy.0 = Release|ARM
		{4A883FEC-6400-49B0-B3A9-094D57BDA6BD}.Release|ARM64.ActiveCfg = Release|ARM64
		{4A883FEC-6400-49B0-B3A9-094D57BDA6BD}.Release|ARM64.Build.0 = Release|ARM64
		{4A883FEC-6400-49B0-B3A9-094D57BDA6BD}.Release|ARM64.Deploy.0 = Release|ARM64
		{4A883FEC-6400-49B0-B3A9-094D57BDA6BD}.Release|x64.ActiveCfg = Release|x64
		{4A883FEC-6400-49B0-B3A9-094D57BDA6BD}.Release|x64.Build.0 = Release|x64
		{4A883FEC-6400-49B0-B3A9-094D57BDA6BD}.Release|x64.Deploy.0 = Release|x64
		{4A883FEC-6400-49B0-B3A9-094D57BDA6BD}.Release|x86.ActiveCfg = Release|x86
		{4A883FEC-6400-49B0-B3A9-094D57BDA6BD}.Release|x86.Build.0 = Release|x86
		{4A883FEC-6400-49B0-B3A9-094D57BDA6BD}.Release|x86.Deploy.0 = Release|x86
		{019F5CF3-4581-444D-8D92-E1B88E786462}.Debug|Any CPU.ActiveCfg = Debug|Any CPU
		{019F5CF3-4581-444D-8D92-E1B88E786462}.Debug|Any CPU.Build.0 = Debug|Any CPU
		{019F5CF3-4581-444D-8D92-E1B88E786462}.Debug|ARM.ActiveCfg = Debug|Any CPU
		{019F5CF3-4581-444D-8D92-E1B88E786462}.Debug|ARM.Build.0 = Debug|Any CPU
		{019F5CF3-4581-444D-8D92-E1B88E786462}.Debug|ARM64.ActiveCfg = Debug|Any CPU
		{019F5CF3-4581-444D-8D92-E1B88E786462}.Debug|ARM64.Build.0 = Debug|Any CPU
		{019F5CF3-4581-444D-8D92-E1B88E786462}.Debug|x64.ActiveCfg = Debug|Any CPU
		{019F5CF3-4581-444D-8D92-E1B88E786462}.Debug|x64.Build.0 = Debug|Any CPU
		{019F5CF3-4581-444D-8D92-E1B88E786462}.Debug|x86.ActiveCfg = Debug|Any CPU
		{019F5CF3-4581-444D-8D92-E1B88E786462}.Debug|x86.Build.0 = Debug|Any CPU
		{019F5CF3-4581-444D-8D92-E1B88E786462}.Release|Any CPU.ActiveCfg = Release|Any CPU
		{019F5CF3-4581-444D-8D92-E1B88E786462}.Release|Any CPU.Build.0 = Release|Any CPU
		{019F5CF3-4581-444D-8D92-E1B88E786462}.Release|ARM.ActiveCfg = Release|Any CPU
		{019F5CF3-4581-444D-8D92-E1B88E786462}.Release|ARM.Build.0 = Release|Any CPU
		{019F5CF3-4581-444D-8D92-E1B88E786462}.Release|ARM64.ActiveCfg = Release|Any CPU
		{019F5CF3-4581-444D-8D92-E1B88E786462}.Release|ARM64.Build.0 = Release|Any CPU
		{019F5CF3-4581-444D-8D92-E1B88E786462}.Release|x64.ActiveCfg = Release|Any CPU
		{019F5CF3-4581-444D-8D92-E1B88E786462}.Release|x64.Build.0 = Release|Any CPU
		{019F5CF3-4581-444D-8D92-E1B88E786462}.Release|x86.ActiveCfg = Release|Any CPU
		{019F5CF3-4581-444D-8D92-E1B88E786462}.Release|x86.Build.0 = Release|Any CPU
	EndGlobalSection
	GlobalSection(SolutionProperties) = preSolution
		HideSolutionNode = FALSE
	EndGlobalSection
	GlobalSection(ExtensibilityGlobals) = postSolution
		SolutionGuid = {2EFC2D64-9B9C-4ACA-B480-575C5DD00326}
	EndGlobalSection
EndGlobal
